
Microsoft Visual Studio Solution File, Format Version 12.00
# Visual Studio Version 16
VisualStudioVersion = 16.0.30413.136
MinimumVisualStudioVersion = 10.0.40219.1
Project("{FAE04EC0-301F-11D3-BF4B-00C04F79EFBC}") = "CelestialPinArranger", "CelestialPinArranger\CelestialPinArranger.csproj", "{5D71C42A-8FAE-4E87-A114-A7AA1D27486C}"
EndProject
Project("{9A19103F-16F7-4668-BE54-9A1E7A4F7556}") = "SymbolBuilder", "SymbolBuilder\SymbolBuilder.csproj", "{3B203179-AFDF-479A-A42C-CD572B1ECB5A}"
EndProject
Project("{9A19103F-16F7-4668-BE54-9A1E7A4F7556}") = "AltiumSharp", "..\AltiumSharp\AltiumSharp\AltiumSharp.csproj", "{E33D68E5-1772-4219-A0CB-6F836827CDBF}"
EndProject
Project("{2150E333-8FDC-42A3-9474-1A3956D46DE8}") = "File Type Libraries", "File Type Libraries", "{EEB828C5-8B4D-41DE-9E19-6C15726A7C55}"
EndProject
Project("{9A19103F-16F7-4668-BE54-9A1E7A4F7556}") = "BxlSharp", "..\BxlSharp\BxlSharp\BxlSharp.csproj", "{773D5E2D-E775-4905-A9D1-EF8E2D5AE47F}"
EndProject
Project("{9A19103F-16F7-4668-BE54-9A1E7A4F7556}") = "EagleSharp", "..\EagleSharp\EagleSharp\EagleSharp.csproj", "{0859FDA7-C60F-4EBD-8C47-AD44ED7BC730}"
EndProject
Project("{9A19103F-16F7-4668-BE54-9A1E7A4F7556}") = "RegexVerifier", "RegexVerifier\RegexVerifier.csproj", "{C1500843-58DC-4544-9E21-FDB7ED9A899B}"
EndProject
Project("{2150E333-8FDC-42A3-9474-1A3956D46DE8}") = "Tools", "Tools", "{78C11032-2AA0-4C5C-B24C-9C36824F1AA7}"
EndProject
Global
	GlobalSection(SolutionConfigurationPlatforms) = preSolution
		Debug|Any CPU = Debug|Any CPU
		Release|Any CPU = Release|Any CPU
	EndGlobalSection
	GlobalSection(ProjectConfigurationPlatforms) = postSolution
		{5D71C42A-8FAE-4E87-A114-A7AA1D27486C}.Debug|Any CPU.ActiveCfg = Debug|Any CPU
		{5D71C42A-8FAE-4E87-A114-A7AA1D27486C}.Debug|Any CPU.Build.0 = Debug|Any CPU
		{5D71C42A-8FAE-4E87-A114-A7AA1D27486C}.Release|Any CPU.ActiveCfg = Release|Any CPU
		{5D71C42A-8FAE-4E87-A114-A7AA1D27486C}.Release|Any CPU.Build.0 = Release|Any CPU
		{3B203179-AFDF-479A-A42C-CD572B1ECB5A}.Debug|Any CPU.ActiveCfg = Debug|Any CPU
		{3B203179-AFDF-479A-A42C-CD572B1ECB5A}.Debug|Any CPU.Build.0 = Debug|Any CPU
		{3B203179-AFDF-479A-A42C-CD572B1ECB5A}.Release|Any CPU.ActiveCfg = Release|Any CPU
		{3B203179-AFDF-479A-A42C-CD572B1ECB5A}.Release|Any CPU.Build.0 = Release|Any CPU
		{E33D68E5-1772-4219-A0CB-6F836827CDBF}.Debug|Any CPU.ActiveCfg = Debug|Any CPU
		{E33D68E5-1772-4219-A0CB-6F836827CDBF}.Debug|Any CPU.Build.0 = Debug|Any CPU
		{E33D68E5-1772-4219-A0CB-6F836827CDBF}.Release|Any CPU.ActiveCfg = Release|Any CPU
		{E33D68E5-1772-4219-A0CB-6F836827CDBF}.Release|Any CPU.Build.0 = Release|Any CPU
		{773D5E2D-E775-4905-A9D1-EF8E2D5AE47F}.Debug|Any CPU.ActiveCfg = Debug|Any CPU
		{773D5E2D-E775-4905-A9D1-EF8E2D5AE47F}.Debug|Any CPU.Build.0 = Debug|Any CPU
		{773D5E2D-E775-4905-A9D1-EF8E2D5AE47F}.Release|Any CPU.ActiveCfg = Release|Any CPU
		{773D5E2D-E775-4905-A9D1-EF8E2D5AE47F}.Release|Any CPU.Build.0 = Release|Any CPU
		{0859FDA7-C60F-4EBD-8C47-AD44ED7BC730}.Debug|Any CPU.ActiveCfg = Debug|Any CPU
		{0859FDA7-C60F-4EBD-8C47-AD44ED7BC730}.Debug|Any CPU.Build.0 = Debug|Any CPU
		{0859FDA7-C60F-4EBD-8C47-AD44ED7BC730}.Release|Any CPU.ActiveCfg = Release|Any CPU
		{0859FDA7-C60F-4EBD-8C47-AD44ED7BC730}.Release|Any CPU.Build.0 = Release|Any CPU
		{C1500843-58DC-4544-9E21-FDB7ED9A899B}.Debug|Any CPU.ActiveCfg = Debug|Any CPU
		{C1500843-58DC-4544-9E21-FDB7ED9A899B}.Debug|Any CPU.Build.0 = Debug|Any CPU
		{C1500843-58DC-4544-9E21-FDB7ED9A899B}.Release|Any CPU.ActiveCfg = Release|Any CPU
		{C1500843-58DC-4544-9E21-FDB7ED9A899B}.Release|Any CPU.Build.0 = Release|Any CPU
	EndGlobalSection
	GlobalSection(SolutionProperties) = preSolution
		HideSolutionNode = FALSE
	EndGlobalSection
	GlobalSection(NestedProjects) = preSolution
		{E33D68E5-1772-4219-A0CB-6F836827CDBF} = {EEB828C5-8B4D-41DE-9E19-6C15726A7C55}
		{773D5E2D-E775-4905-A9D1-EF8E2D5AE47F} = {EEB828C5-8B4D-41DE-9E19-6C15726A7C55}
		{0859FDA7-C60F-4EBD-8C47-AD44ED7BC730} = {EEB828C5-8B4D-41DE-9E19-6C15726A7C55}
		{C1500843-58DC-4544-9E21-FDB7ED9A899B} = {78C11032-2AA0-4C5C-B24C-9C36824F1AA7}
	EndGlobalSection
	GlobalSection(ExtensibilityGlobals) = postSolution
		SolutionGuid = {724A863D-4634-4933-A6B0-F81590C3BAE4}
	EndGlobalSection
EndGlobal
